
Microsoft Visual Studio Solution File, Format Version 12.00
Project("{FAE04EC0-301F-11D3-BF4B-00C04F79EFBC}") = "BlazorApp6", "BlazorApp6\BlazorApp6.csproj", "{0A204769-B46F-460A-B6B7-C2266BA7F55C}"
EndProject
Global
	GlobalSection(SolutionConfigurationPlatforms) = preSolution
		Debug|Any CPU = Debug|Any CPU
		Release|Any CPU = Release|Any CPU
	EndGlobalSection
	GlobalSection(ProjectConfigurationPlatforms) = postSolution
		{0A204769-B46F-460A-B6B7-C2266BA7F55C}.Debug|Any CPU.ActiveCfg = Debug|Any CPU
		{0A204769-B46F-460A-B6B7-C2266BA7F55C}.Debug|Any CPU.Build.0 = Debug|Any CPU
		{0A204769-B46F-460A-B6B7-C2266BA7F55C}.Release|Any CPU.ActiveCfg = Release|Any CPU
		{0A204769-B46F-460A-B6B7-C2266BA7F55C}.Release|Any CPU.Build.0 = Release|Any CPU
	EndGlobalSection
EndGlobal
